
Microsoft Visual Studio Solution File, Format Version 12.00
# Visual Studio Version 17
VisualStudioVersion = 17.4.33110.190
MinimumVisualStudioVersion = 10.0.40219.1
Project("{FAE04EC0-301F-11D3-BF4B-00C04F79EFBC}") = "BulkyBookWeb", "BulkyBookWeb\BulkyBookWeb.csproj", "{3D343F56-09B8-486F-8C03-4D8701C16A64}"
EndProject
Global
	GlobalSection(SolutionConfigurationPlatforms) = preSolution
		Debug|Any CPU = Debug|Any CPU
		Release|Any CPU = Release|Any CPU
	EndGlobalSection
	GlobalSection(ProjectConfigurationPlatforms) = postSolution
		{3D343F56-09B8-486F-8C03-4D8701C16A64}.Debug|Any CPU.ActiveCfg = Debug|Any CPU
		{3D343F56-09B8-486F-8C03-4D8701C16A64}.Debug|Any CPU.Build.0 = Debug|Any CPU
		{3D343F56-09B8-486F-8C03-4D8701C16A64}.Release|Any CPU.ActiveCfg = Release|Any CPU
		{3D343F56-09B8-486F-8C03-4D8701C16A64}.Release|Any CPU.Build.0 = Release|Any CPU
	EndGlobalSection
	GlobalSection(SolutionProperties) = preSolution
		HideSolutionNode = FALSE
	EndGlobalSection
	GlobalSection(ExtensibilityGlobals) = postSolution
		SolutionGuid = {B2D7A7D4-F106-440E-BB2D-0E9C504E65AE}
	EndGlobalSection
EndGlobal
